
Microsoft Visual Studio Solution File, Format Version 12.00
# Visual Studio Version 17
VisualStudioVersion = 17.5.002.0
MinimumVisualStudioVersion = 10.0.40219.1
Project("{9A19103F-16F7-4668-BE54-9A1E7A4F7556}") = "first-app-dotnet", "first-app-dotnet.csproj", "{BFC1118F-343F-41E1-9AD9-4996EBA30909}"
EndProject
Global
	GlobalSection(SolutionConfigurationPlatforms) = preSolution
		Debug|Any CPU = Debug|Any CPU
		Release|Any CPU = Release|Any CPU
	EndGlobalSection
	GlobalSection(ProjectConfigurationPlatforms) = postSolution
		{BFC1118F-343F-41E1-9AD9-4996EBA30909}.Debug|Any CPU.ActiveCfg = Debug|Any CPU
		{BFC1118F-343F-41E1-9AD9-4996EBA30909}.Debug|Any CPU.Build.0 = Debug|Any CPU
		{BFC1118F-343F-41E1-9AD9-4996EBA30909}.Release|Any CPU.ActiveCfg = Release|Any CPU
		{BFC1118F-343F-41E1-9AD9-4996EBA30909}.Release|Any CPU.Build.0 = Release|Any CPU
	EndGlobalSection
	GlobalSection(SolutionProperties) = preSolution
		HideSolutionNode = FALSE
	EndGlobalSection
	GlobalSection(ExtensibilityGlobals) = postSolution
		SolutionGuid = {C1DE1282-9D74-47FC-BC9E-4474116F6048}
	EndGlobalSection
EndGlobal
